// !$*UTF8*$!
{
	archiveVersion = 1;
	classes = {
	};
	objectVersion = 56;
	objects = {

/* Begin PBXBuildFile section */
		D3962DFF2B826D0F0016E3EB /* AppDelegate.swift in Sources */ = {isa = PBXBuildFile; fileRef = D3962DFE2B826D0F0016E3EB /* AppDelegate.swift */; };
		D3962E012B826D0F0016E3EB /* SceneDelegate.swift in Sources */ = {isa = PBXBuildFile; fileRef = D3962E002B826D0F0016E3EB /* SceneDelegate.swift */; };
		D3962E032B826D0F0016E3EB /* ViewController.swift in Sources */ = {isa = PBXBuildFile; fileRef = D3962E022B826D0F0016E3EB /* ViewController.swift */; };
		D3962E062B826D0F0016E3EB /* Main.storyboard in Resources */ = {isa = PBXBuildFile; fileRef = D3962E042B826D0F0016E3EB /* Main.storyboard */; };
		D3962E082B826D110016E3EB /* Assets.xcassets in Resources */ = {isa = PBXBuildFile; fileRef = D3962E072B826D110016E3EB /* Assets.xcassets */; };
		D3962E0B2B826D110016E3EB /* LaunchScreen.storyboard in Resources */ = {isa = PBXBuildFile; fileRef = D3962E092B826D110016E3EB /* LaunchScreen.storyboard */; };
		D3962E162B826D110016E3EB /* collectionView_DemoTests.swift in Sources */ = {isa = PBXBuildFile; fileRef = D3962E152B826D110016E3EB /* collectionView_DemoTests.swift */; };
		D3962E202B826D110016E3EB /* collectionView_DemoUITests.swift in Sources */ = {isa = PBXBuildFile; fileRef = D3962E1F2B826D110016E3EB /* collectionView_DemoUITests.swift */; };
		D3962E222B826D110016E3EB /* collectionView_DemoUITestsLaunchTests.swift in Sources */ = {isa = PBXBuildFile; fileRef = D3962E212B826D110016E3EB /* collectionView_DemoUITestsLaunchTests.swift */; };
/* End PBXBuildFile section */

/* Begin PBXContainerItemProxy section */
		D3962E122B826D110016E3EB /* PBXContainerItemProxy */ = {
			isa = PBXContainerItemProxy;
			containerPortal = D3962DF32B826D0F0016E3EB /* Project object */;
			proxyType = 1;
			remoteGlobalIDString = D3962DFA2B826D0F0016E3EB;
			remoteInfo = "collectionView-Demo";
		};
		D3962E1C2B826D110016E3EB /* PBXContainerItemProxy */ = {
			isa = PBXContainerItemProxy;
			containerPortal = D3962DF32B826D0F0016E3EB /* Project object */;
			proxyType = 1;
			remoteGlobalIDString = D3962DFA2B826D0F0016E3EB;
			remoteInfo = "collectionView-Demo";
		};
/* End PBXContainerItemProxy section */

/* Begin PBXFileReference section */
		D3962DFB2B826D0F0016E3EB /* collectionView-Demo.app */ = {isa = PBXFileReference; explicitFileType = wrapper.application; includeInIndex = 0; path = "collectionView-Demo.app"; sourceTree = BUILT_PRODUCTS_DIR; };
		D3962DFE2B826D0F0016E3EB /* AppDelegate.swift */ = {isa = PBXFileReference; lastKnownFileType = sourcecode.swift; path = AppDelegate.swift; sourceTree = "<group>"; };
		D3962E002B826D0F0016E3EB /* SceneDelegate.swift */ = {isa = PBXFileReference; lastKnownFileType = sourcecode.swift; path = SceneDelegate.swift; sourceTree = "<group>"; };
		D3962E022B826D0F0016E3EB /* ViewController.swift */ = {isa = PBXFileReference; lastKnownFileType = sourcecode.swift; path = ViewController.swift; sourceTree = "<group>"; };
		D3962E052B826D0F0016E3EB /* Base */ = {isa = PBXFileReference; lastKnownFileType = file.storyboard; name = Base; path = Base.lproj/Main.storyboard; sourceTree = "<group>"; };
		D3962E072B826D110016E3EB /* Assets.xcassets */ = {isa = PBXFileReference; lastKnownFileType = folder.assetcatalog; path = Assets.xcassets; sourceTree = "<group>"; };
		D3962E0A2B826D110016E3EB /* Base */ = {isa = PBXFileReference; lastKnownFileType = file.storyboard; name = Base; path = Base.lproj/LaunchScreen.storyboard; sourceTree = "<group>"; };
		D3962E0C2B826D110016E3EB /* Info.plist */ = {isa = PBXFileReference; lastKnownFileType = text.plist.xml; path = Info.plist; sourceTree = "<group>"; };
		D3962E112B826D110016E3EB /* collectionView-DemoTests.xctest */ = {isa = PBXFileReference; explicitFileType = wrapper.cfbundle; includeInIndex = 0; path = "collectionView-DemoTests.xctest"; sourceTree = BUILT_PRODUCTS_DIR; };
		D3962E152B826D110016E3EB /* collectionView_DemoTests.swift */ = {isa = PBXFileReference; lastKnownFileType = sourcecode.swift; path = collectionView_DemoTests.swift; sourceTree = "<group>"; };
		D3962E1B2B826D110016E3EB /* collectionView-DemoUITests.xctest */ = {isa = PBXFileReference; explicitFileType = wrapper.cfbundle; includeInIndex = 0; path = "collectionView-DemoUITests.xctest"; sourceTree = BUILT_PRODUCTS_DIR; };
		D3962E1F2B826D110016E3EB /* collectionView_DemoUITests.swift */ = {isa = PBXFileReference; lastKnownFileType = sourcecode.swift; path = collectionView_DemoUITests.swift; sourceTree = "<group>"; };
		D3962E212B826D110016E3EB /* collectionView_DemoUITestsLaunchTests.swift */ = {isa = PBXFileReference; lastKnownFileType = sourcecode.swift; path = collectionView_DemoUITestsLaunchTests.swift; sourceTree = "<group>"; };
/* End PBXFileReference section */

/* Begin PBXFrameworksBuildPhase section */
		D3962DF82B826D0F0016E3EB /* Frameworks */ = {
			isa = PBXFrameworksBuildPhase;
			buildActionMask = 2147483647;
			files = (
			);
			runOnlyForDeploymentPostprocessing = 0;
		};
		D3962E0E2B826D110016E3EB /* Frameworks */ = {
			isa = PBXFrameworksBuildPhase;
			buildActionMask = 2147483647;
			files = (
			);
			runOnlyForDeploymentPostprocessing = 0;
		};
		D3962E182B826D110016E3EB /* Frameworks */ = {
			isa = PBXFrameworksBuildPhase;
			buildActionMask = 2147483647;
			files = (
			);
			runOnlyForDeploymentPostprocessing = 0;
		};
/* End PBXFrameworksBuildPhase section */

/* Begin PBXGroup section */
		D3962DF22B826D0F0016E3EB = {
			isa = PBXGroup;
			children = (
				D3962DFD2B826D0F0016E3EB /* collectionView-Demo */,
				D3962E142B826D110016E3EB /* collectionView-DemoTests */,
				D3962E1E2B826D110016E3EB /* collectionView-DemoUITests */,
				D3962DFC2B826D0F0016E3EB /* Products */,
			);
			sourceTree = "<group>";
		};
		D3962DFC2B826D0F0016E3EB /* Products */ = {
			isa = PBXGroup;
			children = (
				D3962DFB2B826D0F0016E3EB /* collectionView-Demo.app */,
				D3962E112B826D110016E3EB /* collectionView-DemoTests.xctest */,
				D3962E1B2B826D110016E3EB /* collectionView-DemoUITests.xctest */,
			);
			name = Products;
			sourceTree = "<group>";
		};
		D3962DFD2B826D0F0016E3EB /* collectionView-Demo */ = {
			isa = PBXGroup;
			children = (
				D3962DFE2B826D0F0016E3EB /* AppDelegate.swift */,
				D3962E002B826D0F0016E3EB /* SceneDelegate.swift */,
				D3962E022B826D0F0016E3EB /* ViewController.swift */,
				D3962E042B826D0F0016E3EB /* Main.storyboard */,
				D3962E072B826D110016E3EB /* Assets.xcassets */,
				D3962E092B826D110016E3EB /* LaunchScreen.storyboard */,
				D3962E0C2B826D110016E3EB /* Info.plist */,
			);
			path = "collectionView-Demo";
			sourceTree = "<group>";
		};
		D3962E142B826D110016E3EB /* collectionView-DemoTests */ = {
			isa = PBXGroup;
			children = (
				D3962E152B826D110016E3EB /* collectionView_DemoTests.swift */,
			);
			path = "collectionView-DemoTests";
			sourceTree = "<group>";
		};
		D3962E1E2B826D110016E3EB /* collectionView-DemoUITests */ = {
			isa = PBXGroup;
			children = (
				D3962E1F2B826D110016E3EB /* collectionView_DemoUITests.swift */,
				D3962E212B826D110016E3EB /* collectionView_DemoUITestsLaunchTests.swift */,
			);
			path = "collectionView-DemoUITests";
			sourceTree = "<group>";
		};
/* End PBXGroup section */

/* Begin PBXNativeTarget section */
		D3962DFA2B826D0F0016E3EB /* collectionView-Demo */ = {
			isa = PBXNativeTarget;
			buildConfigurationList = D3962E252B826D110016E3EB /* Build configuration list for PBXNativeTarget "collectionView-Demo" */;
			buildPhases = (
				D3962DF72B826D0F0016E3EB /* Sources */,
				D3962DF82B826D0F0016E3EB /* Frameworks */,
				D3962DF92B826D0F0016E3EB /* Resources */,
			);
			buildRules = (
			);
			dependencies = (
			);
			name = "collectionView-Demo";
			productName = "collectionView-Demo";
			productReference = D3962DFB2B826D0F0016E3EB /* collectionView-Demo.app */;
			productType = "com.apple.product-type.application";
		};
		D3962E102B826D110016E3EB /* collectionView-DemoTests */ = {
			isa = PBXNativeTarget;
			buildConfigurationList = D3962E282B826D110016E3EB /* Build configuration list for PBXNativeTarget "collectionView-DemoTests" */;
			buildPhases = (
				D3962E0D2B826D110016E3EB /* Sources */,
				D3962E0E2B826D110016E3EB /* Frameworks */,
				D3962E0F2B826D110016E3EB /* Resources */,
			);
			buildRules = (
			);
			dependencies = (
				D3962E132B826D110016E3EB /* PBXTargetDependency */,
			);
			name = "collectionView-DemoTests";
			productName = "collectionView-DemoTests";
			productReference = D3962E112B826D110016E3EB /* collectionView-DemoTests.xctest */;
			productType = "com.apple.product-type.bundle.unit-test";
		};
		D3962E1A2B826D110016E3EB /* collectionView-DemoUITests */ = {
			isa = PBXNativeTarget;
			buildConfigurationList = D3962E2B2B826D110016E3EB /* Build configuration list for PBXNativeTarget "collectionView-DemoUITests" */;
			buildPhases = (
				D3962E172B826D110016E3EB /* Sources */,
				D3962E182B826D110016E3EB /* Frameworks */,
				D3962E192B826D110016E3EB /* Resources */,
			);
			buildRules = (
			);
			dependencies = (
				D3962E1D2B826D110016E3EB /* PBXTargetDependency */,
			);
			name = "collectionView-DemoUITests";
			productName = "collectionView-DemoUITests";
			productReference = D3962E1B2B826D110016E3EB /* collectionView-DemoUITests.xctest */;
			productType = "com.apple.product-type.bundle.ui-testing";
		};
/* End PBXNativeTarget section */

/* Begin PBXProject section */
		D3962DF32B826D0F0016E3EB /* Project object */ = {
			isa = PBXProject;
			attributes = {
				BuildIndependentTargetsInParallel = 1;
				LastSwiftUpdateCheck = 1520;
				LastUpgradeCheck = 1520;
				TargetAttributes = {
					D3962DFA2B826D0F0016E3EB = {
						CreatedOnToolsVersion = 15.2;
					};
					D3962E102B826D110016E3EB = {
						CreatedOnToolsVersion = 15.2;
						TestTargetID = D3962DFA2B826D0F0016E3EB;
					};
					D3962E1A2B826D110016E3EB = {
						CreatedOnToolsVersion = 15.2;
						TestTargetID = D3962DFA2B826D0F0016E3EB;
					};
				};
			};
			buildConfigurationList = D3962DF62B826D0F0016E3EB /* Build configuration list for PBXProject "collectionView-Demo" */;
			compatibilityVersion = "Xcode 14.0";
			developmentRegion = en;
			hasScannedForEncodings = 0;
			knownRegions = (
				en,
				Base,
			);
			mainGroup = D3962DF22B826D0F0016E3EB;
			productRefGroup = D3962DFC2B826D0F0016E3EB /* Products */;
			projectDirPath = "";
			projectRoot = "";
			targets = (
				D3962DFA2B826D0F0016E3EB /* collectionView-Demo */,
				D3962E102B826D110016E3EB /* collectionView-DemoTests */,
				D3962E1A2B826D110016E3EB /* collectionView-DemoUITests */,
			);
		};
/* End PBXProject section */

/* Begin PBXResourcesBuildPhase section */
		D3962DF92B826D0F0016E3EB /* Resources */ = {
			isa = PBXResourcesBuildPhase;
			buildActionMask = 2147483647;
			files = (
				D3962E0B2B826D110016E3EB /* LaunchScreen.storyboard in Resources */,
				D3962E082B826D110016E3EB /* Assets.xcassets in Resources */,
				D3962E062B826D0F0016E3EB /* Main.storyboard in Resources */,
			);
			runOnlyForDeploymentPostprocessing = 0;
		};
		D3962E0F2B826D110016E3EB /* Resources */ = {
			isa = PBXResourcesBuildPhase;
			buildActionMask = 2147483647;
			files = (
			);
			runOnlyForDeploymentPostprocessing = 0;
		};
		D3962E192B826D110016E3EB /* Resources */ = {
			isa = PBXResourcesBuildPhase;
			buildActionMask = 2147483647;
			files = (
			);
			runOnlyForDeploymentPostprocessing = 0;
		};
/* End PBXResourcesBuildPhase section */

/* Begin PBXSourcesBuildPhase section */
		D3962DF72B826D0F0016E3EB /* Sources */ = {
			isa = PBXSourcesBuildPhase;
			buildActionMask = 2147483647;
			files = (
				D3962E032B826D0F0016E3EB /* ViewController.swift in Sources */,
				D3962DFF2B826D0F0016E3EB /* AppDelegate.swift in Sources */,
				D3962E012B826D0F0016E3EB /* SceneDelegate.swift in Sources */,
			);
			runOnlyForDeploymentPostprocessing = 0;
		};
		D3962E0D2B826D110016E3EB /* Sources */ = {
			isa = PBXSourcesBuildPhase;
			buildActionMask = 2147483647;
			files = (
				D3962E162B826D110016E3EB /* collectionView_DemoTests.swift in Sources */,
			);
			runOnlyForDeploymentPostprocessing = 0;
		};
		D3962E172B826D110016E3EB /* Sources */ = {
			isa = PBXSourcesBuildPhase;
			buildActionMask = 2147483647;
			files = (
				D3962E222B826D110016E3EB /* collectionView_DemoUITestsLaunchTests.swift in Sources */,
				D3962E202B826D110016E3EB /* collectionView_DemoUITests.swift in Sources */,
			);
			runOnlyForDeploymentPostprocessing = 0;
		};
/* End PBXSourcesBuildPhase section */

/* Begin PBXTargetDependency section */
		D3962E132B826D110016E3EB /* PBXTargetDependency */ = {
			isa = PBXTargetDependency;
			target = D3962DFA2B826D0F0016E3EB /* collectionView-Demo */;
			targetProxy = D3962E122B826D110016E3EB /* PBXContainerItemProxy */;
		};
		D3962E1D2B826D110016E3EB /* PBXTargetDependency */ = {
			isa = PBXTargetDependency;
			target = D3962DFA2B826D0F0016E3EB /* collectionView-Demo */;
			targetProxy = D3962E1C2B826D110016E3EB /* PBXContainerItemProxy */;
		};
/* End PBXTargetDependency section */

/* Begin PBXVariantGroup section */
		D3962E042B826D0F0016E3EB /* Main.storyboard */ = {
			isa = PBXVariantGroup;
			children = (
				D3962E052B826D0F0016E3EB /* Base */,
			);
			name = Main.storyboard;
			sourceTree = "<group>";
		};
		D3962E092B826D110016E3EB /* LaunchScreen.storyboard */ = {
			isa = PBXVariantGroup;
			children = (
				D3962E0A2B826D110016E3EB /* Base */,
			);
			name = LaunchScreen.storyboard;
			sourceTree = "<group>";
		};
/* End PBXVariantGroup section */

/* Begin XCBuildConfiguration section */
		D3962E232B826D110016E3EB /* Debug */ = {
			isa = XCBuildConfiguration;
			buildSettings = {
				ALWAYS_SEARCH_USER_PATHS = NO;
				ASSETCATALOG_COMPILER_GENERATE_SWIFT_ASSET_SYMBOL_EXTENSIONS = YES;
				CLANG_ANALYZER_NONNULL = YES;
				CLANG_ANALYZER_NUMBER_OBJECT_CONVERSION = YES_AGGRESSIVE;
				CLANG_CXX_LANGUAGE_STANDARD = "gnu++20";
				CLANG_ENABLE_MODULES = YES;
				CLANG_ENABLE_OBJC_ARC = YES;
				CLANG_ENABLE_OBJC_WEAK = YES;
				CLANG_WARN_BLOCK_CAPTURE_AUTORELEASING = YES;
				CLANG_WARN_BOOL_CONVERSION = YES;
				CLANG_WARN_COMMA = YES;
				CLANG_WARN_CONSTANT_CONVERSION = YES;
				CLANG_WARN_DEPRECATED_OBJC_IMPLEMENTATIONS = YES;
				CLANG_WARN_DIRECT_OBJC_ISA_USAGE = YES_ERROR;
				CLANG_WARN_DOCUMENTATION_COMMENTS = YES;
				CLANG_WARN_EMPTY_BODY = YES;
				CLANG_WARN_ENUM_CONVERSION = YES;
				CLANG_WARN_INFINITE_RECURSION = YES;
				CLANG_WARN_INT_CONVERSION = YES;
				CLANG_WARN_NON_LITERAL_NULL_CONVERSION = YES;
				CLANG_WARN_OBJC_IMPLICIT_RETAIN_SELF = YES;
				CLANG_WARN_OBJC_LITERAL_CONVERSION = YES;
				CLANG_WARN_OBJC_ROOT_CLASS = YES_ERROR;
				CLANG_WARN_QUOTED_INCLUDE_IN_FRAMEWORK_HEADER = YES;
				CLANG_WARN_RANGE_LOOP_ANALYSIS = YES;
				CLANG_WARN_STRICT_PROTOTYPES = YES;
				CLANG_WARN_SUSPICIOUS_MOVE = YES;
				CLANG_WARN_UNGUARDED_AVAILABILITY = YES_AGGRESSIVE;
				CLANG_WARN_UNREACHABLE_CODE = YES;
				CLANG_WARN__DUPLICATE_METHOD_MATCH = YES;
				COPY_PHASE_STRIP = NO;
				DEBUG_INFORMATION_FORMAT = dwarf;
				ENABLE_STRICT_OBJC_MSGSEND = YES;
				ENABLE_TESTABILITY = YES;
				ENABLE_USER_SCRIPT_SANDBOXING = YES;
				GCC_C_LANGUAGE_STANDARD = gnu17;
				GCC_DYNAMIC_NO_PIC = NO;
				GCC_NO_COMMON_BLOCKS = YES;
				GCC_OPTIMIZATION_LEVEL = 0;
				GCC_PREPROCESSOR_DEFINITIONS = (
					"DEBUG=1",
					"$(inherited)",
				);
				GCC_WARN_64_TO_32_BIT_CONVERSION = YES;
				GCC_WARN_ABOUT_RETURN_TYPE = YES_ERROR;
				GCC_WARN_UNDECLARED_SELECTOR = YES;
				GCC_WARN_UNINITIALIZED_AUTOS = YES_AGGRESSIVE;
				GCC_WARN_UNUSED_FUNCTION = YES;
				GCC_WARN_UNUSED_VARIABLE = YES;
				IPHONEOS_DEPLOYMENT_TARGET = 17.2;
				LOCALIZATION_PREFERS_STRING_CATALOGS = YES;
				MTL_ENABLE_DEBUG_INFO = INCLUDE_SOURCE;
				MTL_FAST_MATH = YES;
				ONLY_ACTIVE_ARCH = YES;
				SDKROOT = iphoneos;
				SWIFT_ACTIVE_COMPILATION_CONDITIONS = "DEBUG $(inherited)";
				SWIFT_OPTIMIZATION_LEVEL = "-Onone";
			};
			name = Debug;
		};
		D3962E242B826D110016E3EB /* Release */ = {
			isa = XCBuildConfiguration;
			buildSettings = {
				ALWAYS_SEARCH_USER_PATHS = NO;
				ASSETCATALOG_COMPILER_GENERATE_SWIFT_ASSET_SYMBOL_EXTENSIONS = YES;
				CLANG_ANALYZER_NONNULL = YES;
				CLANG_ANALYZER_NUMBER_OBJECT_CONVERSION = YES_AGGRESSIVE;
				CLANG_CXX_LANGUAGE_STANDARD = "gnu++20";
				CLANG_ENABLE_MODULES = YES;
				CLANG_ENABLE_OBJC_ARC = YES;
				CLANG_ENABLE_OBJC_WEAK = YES;
				CLANG_WARN_BLOCK_CAPTURE_AUTORELEASING = YES;
				CLANG_WARN_BOOL_CONVERSION = YES;
				CLANG_WARN_COMMA = YES;
				CLANG_WARN_CONSTANT_CONVERSION = YES;
				CLANG_WARN_DEPRECATED_OBJC_IMPLEMENTATIONS = YES;
				CLANG_WARN_DIRECT_OBJC_ISA_USAGE = YES_ERROR;
				CLANG_WARN_DOCUMENTATION_COMMENTS = YES;
				CLANG_WARN_EMPTY_BODY = YES;
				CLANG_WARN_ENUM_CONVERSION = YES;
				CLANG_WARN_INFINITE_RECURSION = YES;
				CLANG_WARN_INT_CONVERSION = YES;
				CLANG_WARN_NON_LITERAL_NULL_CONVERSION = YES;
				CLANG_WARN_OBJC_IMPLICIT_RETAIN_SELF = YES;
				CLANG_WARN_OBJC_LITERAL_CONVERSION = YES;
				CLANG_WARN_OBJC_ROOT_CLASS = YES_ERROR;
				CLANG_WARN_QUOTED_INCLUDE_IN_FRAMEWORK_HEADER = YES;
				CLANG_WARN_RANGE_LOOP_ANALYSIS = YES;
				CLANG_WARN_STRICT_PROTOTYPES = YES;
				CLANG_WARN_SUSPICIOUS_MOVE = YES;
				CLANG_WARN_UNGUARDED_AVAILABILITY = YES_AGGRESSIVE;
				CLANG_WARN_UNREACHABLE_CODE = YES;
				CLANG_WARN__DUPLICATE_METHOD_MATCH = YES;
				COPY_PHASE_STRIP = NO;
				DEBUG_INFORMATION_FORMAT = "dwarf-with-dsym";
				ENABLE_NS_ASSERTIONS = NO;
				ENABLE_STRICT_OBJC_MSGSEND = YES;
				ENABLE_USER_SCRIPT_SANDBOXING = YES;
				GCC_C_LANGUAGE_STANDARD = gnu17;
				GCC_NO_COMMON_BLOCKS = YES;
				GCC_WARN_64_TO_32_BIT_CONVERSION = YES;
				GCC_WARN_ABOUT_RETURN_TYPE = YES_ERROR;
				GCC_WARN_UNDECLARED_SELECTOR = YES;
				GCC_WARN_UNINITIALIZED_AUTOS = YES_AGGRESSIVE;
				GCC_WARN_UNUSED_FUNCTION = YES;
				GCC_WARN_UNUSED_VARIABLE = YES;
				IPHONEOS_DEPLOYMENT_TARGET = 17.2;
				LOCALIZATION_PREFERS_STRING_CATALOGS = YES;
				MTL_ENABLE_DEBUG_INFO = NO;
				MTL_FAST_MATH = YES;
				SDKROOT = iphoneos;
				SWIFT_COMPILATION_MODE = wholemodule;
				VALIDATE_PRODUCT = YES;
			};
			name = Release;
		};
		D3962E262B826D110016E3EB /* Debug */ = {
			isa = XCBuildConfiguration;
			buildSettings = {
				ASSETCATALOG_COMPILER_APPICON_NAME = AppIcon;
				ASSETCATALOG_COMPILER_GLOBAL_ACCENT_COLOR_NAME = AccentColor;
				CODE_SIGN_STYLE = Automatic;
				CURRENT_PROJECT_VERSION = 1;
				DEVELOPMENT_TEAM = Y9WFT4L662;
				GENERATE_INFOPLIST_FILE = YES;
				INFOPLIST_FILE = "collectionView-Demo/Info.plist";
				INFOPLIST_KEY_UIApplicationSupportsIndirectInputEvents = YES;
				INFOPLIST_KEY_UILaunchStoryboardName = LaunchScreen;
				INFOPLIST_KEY_UIMainStoryboardFile = Main;
				INFOPLIST_KEY_UISupportedInterfaceOrientations_iPad = "UIInterfaceOrientationPortrait UIInterfaceOrientationPortraitUpsideDown UIInterfaceOrientationLandscapeLeft UIInterfaceOrientationLandscapeRight";
				INFOPLIST_KEY_UISupportedInterfaceOrientations_iPhone = "UIInterfaceOrientationPortrait UIInterfaceOrientationLandscapeLeft UIInterfaceOrientationLandscapeRight";
				LD_RUNPATH_SEARCH_PATHS = (
					"$(inherited)",
					"@executable_path/Frameworks",
				);
				MARKETING_VERSION = 1.0;
				PRODUCT_BUNDLE_IDENTIFIER = "Mohamed-Abd-Elhakam.collectionView-Demo";
				PRODUCT_NAME = "$(TARGET_NAME)";
				SWIFT_EMIT_LOC_STRINGS = YES;
				SWIFT_VERSION = 5.0;
				TARGETED_DEVICE_FAMILY = "1,2";
			};
			name = Debug;
		};
		D3962E272B826D110016E3EB /* Release */ = {
			isa = XCBuildConfiguration;
			buildSettings = {
				ASSETCATALOG_COMPILER_APPICON_NAME = AppIcon;
				ASSETCATALOG_COMPILER_GLOBAL_ACCENT_COLOR_NAME = AccentColor;
				CODE_SIGN_STYLE = Automatic;
				CURRENT_PROJECT_VERSION = 1;
				DEVELOPMENT_TEAM = Y9WFT4L662;
				GENERATE_INFOPLIST_FILE = YES;
				INFOPLIST_FILE = "collectionView-Demo/Info.plist";
				INFOPLIST_KEY_UIApplicationSupportsIndirectInputEvents = YES;
				INFOPLIST_KEY_UILaunchStoryboardName = LaunchScreen;
				INFOPLIST_KEY_UIMainStoryboardFile = Main;
				INFOPLIST_KEY_UISupportedInterfaceOrientations_iPad = "UIInterfaceOrientationPortrait UIInterfaceOrientationPortraitUpsideDown UIInterfaceOrientationLandscapeLeft UIInterfaceOrientationLandscapeRight";
				INFOPLIST_KEY_UISupportedInterfaceOrientations_iPhone = "UIInterfaceOrientationPortrait UIInterfaceOrientationLandscapeLeft UIInterfaceOrientationLandscapeRight";
				LD_RUNPATH_SEARCH_PATHS = (
					"$(inherited)",
					"@executable_path/Frameworks",
				);
				MARKETING_VERSION = 1.0;
				PRODUCT_BUNDLE_IDENTIFIER = "Mohamed-Abd-Elhakam.collectionView-Demo";
				PRODUCT_NAME = "$(TARGET_NAME)";
				SWIFT_EMIT_LOC_STRINGS = YES;
				SWIFT_VERSION = 5.0;
				TARGETED_DEVICE_FAMILY = "1,2";
			};
			name = Release;
		};
		D3962E292B826D110016E3EB /* Debug */ = {
			isa = XCBuildConfiguration;
			buildSettings = {
				ALWAYS_EMBED_SWIFT_STANDARD_LIBRARIES = YES;
				BUNDLE_LOADER = "$(TEST_HOST)";
				CODE_SIGN_STYLE = Automatic;
				CURRENT_PROJECT_VERSION = 1;
				DEVELOPMENT_TEAM = Y9WFT4L662;
				GENERATE_INFOPLIST_FILE = YES;
				IPHONEOS_DEPLOYMENT_TARGET = 17.2;
				MARKETING_VERSION = 1.0;
				PRODUCT_BUNDLE_IDENTIFIER = "Mohamed-Abd-Elhakam.collectionView-DemoTests";
				PRODUCT_NAME = "$(TARGET_NAME)";
				SWIFT_EMIT_LOC_STRINGS = NO;
				SWIFT_VERSION = 5.0;
				TARGETED_DEVICE_FAMILY = "1,2";
				TEST_HOST = "$(BUILT_PRODUCTS_DIR)/collectionView-Demo.app/$(BUNDLE_EXECUTABLE_FOLDER_PATH)/collectionView-Demo";
			};
			name = Debug;
		};
		D3962E2A2B826D110016E3EB /* Release */ = {
			isa = XCBuildConfiguration;
			buildSettings = {
				ALWAYS_EMBED_SWIFT_STANDARD_LIBRARIES = YES;
				BUNDLE_LOADER = "$(TEST_HOST)";
				CODE_SIGN_STYLE = Automatic;
				CURRENT_PROJECT_VERSION = 1;
				DEVELOPMENT_TEAM = Y9WFT4L662;
				GENERATE_INFOPLIST_FILE = YES;
				IPHONEOS_DEPLOYMENT_TARGET = 17.2;
				MARKETING_VERSION = 1.0;
				PRODUCT_BUNDLE_IDENTIFIER = "Mohamed-Abd-Elhakam.collectionView-DemoTests";
				PRODUCT_NAME = "$(TARGET_NAME)";
				SWIFT_EMIT_LOC_STRINGS = NO;
				SWIFT_VERSION = 5.0;
				TARGETED_DEVICE_FAMILY = "1,2";
				TEST_HOST = "$(BUILT_PRODUCTS_DIR)/collectionView-Demo.app/$(BUNDLE_EXECUTABLE_FOLDER_PATH)/collectionView-Demo";
			};
			name = Release;
		};
		D3962E2C2B826D110016E3EB /* Debug */ = {
			isa = XCBuildConfiguration;
			buildSettings = {
				ALWAYS_EMBED_SWIFT_STANDARD_LIBRARIES = YES;
				CODE_SIGN_STYLE = Automatic;
				CURRENT_PROJECT_VERSION = 1;
				DEVELOPMENT_TEAM = Y9WFT4L662;
				GENERATE_INFOPLIST_FILE = YES;
				MARKETING_VERSION = 1.0;
				PRODUCT_BUNDLE_IDENTIFIER = "Mohamed-Abd-Elhakam.collectionView-DemoUITests";
				PRODUCT_NAME = "$(TARGET_NAME)";
				SWIFT_EMIT_LOC_STRINGS = NO;
				SWIFT_VERSION = 5.0;
				TARGETED_DEVICE_FAMILY = "1,2";
				TEST_TARGET_NAME = "collectionView-Demo";
			};
			name = Debug;
		};
		D3962E2D2B826D110016E3EB /* Release */ = {
			isa = XCBuildConfiguration;
			buildSettings = {
				ALWAYS_EMBED_SWIFT_STANDARD_LIBRARIES = YES;
				CODE_SIGN_STYLE = Automatic;
				CURRENT_PROJECT_VERSION = 1;
				DEVELOPMENT_TEAM = Y9WFT4L662;
				GENERATE_INFOPLIST_FILE = YES;
				MARKETING_VERSION = 1.0;
				PRODUCT_BUNDLE_IDENTIFIER = "Mohamed-Abd-Elhakam.collectionView-DemoUITests";
				PRODUCT_NAME = "$(TARGET_NAME)";
				SWIFT_EMIT_LOC_STRINGS = NO;
				SWIFT_VERSION = 5.0;
				TARGETED_DEVICE_FAMILY = "1,2";
				TEST_TARGET_NAME = "collectionView-Demo";
			};
			name = Release;
		};
/* End XCBuildConfiguration section */

/* Begin XCConfigurationList section */
		D3962DF62B826D0F0016E3EB /* Build configuration list for PBXProject "collectionView-Demo" */ = {
			isa = XCConfigurationList;
			buildConfigurations = (
				D3962E232B826D110016E3EB /* Debug */,
				D3962E242B826D110016E3EB /* Release */,
			);
			defaultConfigurationIsVisible = 0;
			defaultConfigurationName = Release;
		};
		D3962E252B826D110016E3EB /* Build configuration list for PBXNativeTarget "collectionView-Demo" */ = {
			isa = XCConfigurationList;
			buildConfigurations = (
				D3962E262B826D110016E3EB /* Debug */,
				D3962E272B826D110016E3EB /* Release */,
			);
			defaultConfigurationIsVisible = 0;
			defaultConfigurationName = Release;
		};
		D3962E282B826D110016E3EB /* Build configuration list for PBXNativeTarget "collectionView-DemoTests" */ = {
			isa = XCConfigurationList;
			buildConfigurations = (
				D3962E292B826D110016E3EB /* Debug */,
				D3962E2A2B826D110016E3EB /* Release */,
			);
			defaultConfigurationIsVisible = 0;
			defaultConfigurationName = Release;
		};
		D3962E2B2B826D110016E3EB /* Build configuration list for PBXNativeTarget "collectionView-DemoUITests" */ = {
			isa = XCConfigurationList;
			buildConfigurations = (
				D3962E2C2B826D110016E3EB /* Debug */,
				D3962E2D2B826D110016E3EB /* Release */,
			);
			defaultConfigurationIsVisible = 0;
			defaultConfigurationName = Release;
		};
/* End XCConfigurationList section */
	};
	rootObject = D3962DF32B826D0F0016E3EB /* Project object */;
}
